{
  "name": "todo",
  "requires": true,
  "lockfileVersion": 1,
  "dependencies": {
    "rails-ujs": {
      "version": "5.2.2",
      "resolved": "https://registry.npmjs.org/rails-ujs/-/rails-ujs-5.2.2.tgz",
      "integrity": "sha512-tJl7MdysGrQEKmwF7BJkz5XwUOkdnI9E7SvSbT39yO7pdFc96D4hWKm6Sb15pU4n5mt4rLPb/6kkyTQujP1k7Q=="
    }
  }
}
