# THIS IS AN AUTOGENERATED FILE. DO NOT EDIT THIS FILE DIRECTLY.
# yarn lockfile v1


rails-ujs@^5.2.2:
  version "5.2.2"
  resolved "https://registry.yarnpkg.com/rails-ujs/-/rails-ujs-5.2.2.tgz#ab01dd087a323975637b50e93e7afcc0f9068568"
  integrity sha512-tJl7MdysGrQEKmwF7BJkz5XwUOkdnI9E7SvSbT39yO7pdFc96D4hWKm6Sb15pU4n5mt4rLPb/6kkyTQujP1k7Q==
